
Microsoft Visual Studio Solution File, Format Version 12.00
# Visual Studio Version 16
VisualStudioVersion = 16.0.33214.272
MinimumVisualStudioVersion = 10.0.40219.1
Project("{FAE04EC0-301F-11D3-BF4B-00C04F79EFBC}") = "ComboBox2", "ComboBox2\ComboBox2.csproj", "{F3B28100-F659-49FE-8AF9-39E5BB32593C}"
EndProject
Global
	GlobalSection(SolutionConfigurationPlatforms) = preSolution
		Debug|Any CPU = Debug|Any CPU
		Release|Any CPU = Release|Any CPU
	EndGlobalSection
	GlobalSection(ProjectConfigurationPlatforms) = postSolution
		{F3B28100-F659-49FE-8AF9-39E5BB32593C}.Debug|Any CPU.ActiveCfg = Debug|Any CPU
		{F3B28100-F659-49FE-8AF9-39E5BB32593C}.Debug|Any CPU.Build.0 = Debug|Any CPU
		{F3B28100-F659-49FE-8AF9-39E5BB32593C}.Release|Any CPU.ActiveCfg = Release|Any CPU
		{F3B28100-F659-49FE-8AF9-39E5BB32593C}.Release|Any CPU.Build.0 = Release|Any CPU
	EndGlobalSection
	GlobalSection(SolutionProperties) = preSolution
		HideSolutionNode = FALSE
	EndGlobalSection
	GlobalSection(ExtensibilityGlobals) = postSolution
		SolutionGuid = {2C6AFB81-13E7-4A03-A240-5A397422F4EE}
	EndGlobalSection
EndGlobal
